
Microsoft Visual Studio Solution File, Format Version 12.00
# Visual Studio Version 17
VisualStudioVersion = 17.8.34322.80
MinimumVisualStudioVersion = 10.0.40219.1
Project("{FAE04EC0-301F-11D3-BF4B-00C04F79EFBC}") = "EmailOtp", "EmailOtp\EmailOtp.csproj", "{D923E17F-F629-48DB-8073-4918CF6ECC22}"
EndProject
Global
	GlobalSection(SolutionConfigurationPlatforms) = preSolution
		Debug|Any CPU = Debug|Any CPU
		Release|Any CPU = Release|Any CPU
	EndGlobalSection
	GlobalSection(ProjectConfigurationPlatforms) = postSolution
		{D923E17F-F629-48DB-8073-4918CF6ECC22}.Debug|Any CPU.ActiveCfg = Debug|Any CPU
		{D923E17F-F629-48DB-8073-4918CF6ECC22}.Debug|Any CPU.Build.0 = Debug|Any CPU
		{D923E17F-F629-48DB-8073-4918CF6ECC22}.Release|Any CPU.ActiveCfg = Release|Any CPU
		{D923E17F-F629-48DB-8073-4918CF6ECC22}.Release|Any CPU.Build.0 = Release|Any CPU
	EndGlobalSection
	GlobalSection(SolutionProperties) = preSolution
		HideSolutionNode = FALSE
	EndGlobalSection
	GlobalSection(ExtensibilityGlobals) = postSolution
		SolutionGuid = {87EB0539-3198-4AD1-AE9C-0EF1944C0BD7}
	EndGlobalSection
EndGlobal
